	<Project xmlns="http://schemas.microsoft.com/developer/msbuild/2003">
		<PropertyGroup>
			<ProjectGuid>{13134B08-3F69-454B-B7E9-E9622EE6F848}</ProjectGuid>
			<MainSource>TeeMaker114.dpk</MainSource>
			<Config Condition="'$(Config)'==''">Debug</Config>
			<DCC_DCCCompiler>DCC32</DCC_DCCCompiler>
			<ProjectVersion>12.0</ProjectVersion>
		</PropertyGroup>
		<PropertyGroup Condition="'$(Config)'=='Base' or '$(Base)'!=''">
			<Base>true</Base>
		</PropertyGroup>
		<PropertyGroup Condition="'$(Config)'=='Release' or '$(Cfg_1)'!=''">
			<Cfg_1>true</Cfg_1>
			<CfgParent>Base</CfgParent>
			<Base>true</Base>
		</PropertyGroup>
		<PropertyGroup Condition="'$(Config)'=='Debug' or '$(Cfg_2)'!=''">
			<Cfg_2>true</Cfg_2>
			<CfgParent>Base</CfgParent>
			<Base>true</Base>
		</PropertyGroup>
		<PropertyGroup Condition="'$(Base)'!=''">
			<RuntimeOnlyPackage>true</RuntimeOnlyPackage>
			<DCC_DependencyCheckOutputName></DCC_DependencyCheckOutputName>
			<DCC_UnitAlias>WinTypes=Windows;WinProcs=Windows;$(DCC_UnitAlias)</DCC_UnitAlias>
			<DCC_LocalDebugSymbols>false</DCC_LocalDebugSymbols>
			<DCC_Description>TeeMaker </DCC_Description>
			<DesignOnlyPackage>false</DesignOnlyPackage>
			<DCC_AssertionsAtRuntime>false</DCC_AssertionsAtRuntime>
			<DCC_OutputNeverBuildDcps>true</DCC_OutputNeverBuildDcps>
			<GenDll>true</GenDll>
			<DCC_DebugInformation>false</DCC_DebugInformation>
			<DCC_SymbolReferenceInfo>0</DCC_SymbolReferenceInfo>
			<GenPackage>true</GenPackage>
			<DCC_ImageBase>42800000</DCC_ImageBase>
			<DCC_Platform>x86</DCC_Platform>
		</PropertyGroup>
		<PropertyGroup Condition="'$(Cfg_1)'!=''">
			<DCC_LocalDebugSymbols>false</DCC_LocalDebugSymbols>
			<DCC_Define>RELEASE;$(DCC_Define)</DCC_Define>
			<DCC_SymbolReferenceInfo>0</DCC_SymbolReferenceInfo>
			<DCC_DebugInformation>false</DCC_DebugInformation>
		</PropertyGroup>
		<PropertyGroup Condition="'$(Cfg_2)'!=''">
			<DCC_Define>DEBUG;$(DCC_Define)</DCC_Define>
		</PropertyGroup>
		<ItemGroup>
			<DelphiCompile Include="TeeMaker114.dpk">
				<MainSource>MainSource</MainSource>
			</DelphiCompile>
			<DCCReference Include="rtl.dcp"/>
			<DCCReference Include="vclactnband.dcp"/>
			<DCCReference Include="vclx.dcp"/>
			<DCCReference Include="vcl.dcp"/>
			<DCCReference Include="vclimg.dcp"/>
			<DCCReference Include="TeeUI914.dcp"/>
			<DCCReference Include="Tee914.dcp"/>
			<DCCReference Include="TeeGL914.dcp"/>
			<DCCReference Include="TeePro914.dcp"/>
			<DCCReference Include="TeeLanguage914.dcp"/>
			<DCCReference Include="TeeImage914.dcp"/>
			<DCCReference Include="TeeTextureSelector.pas">
				<Form>TextureSelector</Form>
			</DCCReference>
			<DCCReference Include="TeeBlockEditor.pas">
				<Form>BlockEditor</Form>
			</DCCReference>
			<DCCReference Include="TeeBlocks.pas"/>
			<DCCReference Include="TeeChartBlock.pas"/>
			<DCCReference Include="TeeDraw3DEditor.pas">
				<Form>Draw3DEditor</Form>
			</DCCReference>
			<DCCReference Include="TeeMakerControl.pas"/>
			<DCCReference Include="TeeMakerEditor.pas">
				<Form>MakerEditor</Form>
			</DCCReference>
			<DCCReference Include="TeeRain.pas"/>
			<DCCReference Include="TeeRevolution.pas">
				<Form>RevolutionEditor</Form>
			</DCCReference>
			<DCCReference Include="TeeStairs.pas"/>
			<DCCReference Include="TeeLoadBlock.pas">
				<Form>LoadBlockDialog</Form>
			</DCCReference>
			<DCCReference Include="TeePipe.pas"/>
			<DCCReference Include="TeePlayMP3.pas"/>
			<DCCReference Include="TeeLoadError.pas">
				<Form>AskLoadError</Form>
			</DCCReference>
			<DCCReference Include="TeeExtruded.pas">
				<Form>ExtrudedEditor</Form>
			</DCCReference>
			<DCCReference Include="TeeGLUT.pas"/>
			<DCCReference Include="TeeWater.pas">
				<Form>WaterEditor</Form>
			</DCCReference>
			<DCCReference Include="TeeRevolutionEditor.pas"/>
			<DCCReference Include="TeeChart3D.pas"/>
			<DCCReference Include="TeeActionGallery.pas">
				<Form>ActionGallery</Form>
			</DCCReference>
			<DCCReference Include="TeeBlockFormat.pas">
				<Form>BlockFormatEditor</Form>
			</DCCReference>
			<DCCReference Include="TeeBlockGallery.pas">
				<Form>BlockGallery</Form>
			</DCCReference>
			<DCCReference Include="TeeEdgeStyle.pas">
				<Form>EdgeEditor</Form>
			</DCCReference>
			<DCCReference Include="TeeHelix.pas"/>
			<DCCReference Include="TeeMakerLibrary.pas">
				<Form>MakerLibrary</Form>
			</DCCReference>
			<DCCReference Include="TeeMesh.pas">
				<Form>MeshEditor</Form>
			</DCCReference>
			<DCCReference Include="TeePointEditor.pas">
				<Form>PointEditor</Form>
			</DCCReference>
			<DCCReference Include="TeeVideoBlock.pas">
				<Form>VideoEditor</Form>
			</DCCReference>
			<BuildConfiguration Include="Base">
				<Key>Base</Key>
			</BuildConfiguration>
			<BuildConfiguration Include="Debug">
				<Key>Cfg_2</Key>
				<CfgParent>Base</CfgParent>
			</BuildConfiguration>
			<BuildConfiguration Include="Release">
				<Key>Cfg_1</Key>
				<CfgParent>Base</CfgParent>
			</BuildConfiguration>
		</ItemGroup>
		<Import Project="$(BDS)\Bin\CodeGear.Delphi.Targets" Condition="Exists('$(BDS)\Bin\CodeGear.Delphi.Targets')"/>
		<ProjectExtensions>
			<Borland.Personality>Delphi.Personality.12</Borland.Personality>
			<Borland.ProjectType>Package</Borland.ProjectType>
			<BorlandProject>
				<Delphi.Personality>
					<Source>
						<Source Name="MainSource">TeeMaker114.dpk</Source>
					</Source>
					<Parameters>
						<Parameters Name="UseLauncher">False</Parameters>
						<Parameters Name="LoadAllSymbols">True</Parameters>
						<Parameters Name="LoadUnspecifiedSymbols">False</Parameters>
					</Parameters>
					<VersionInfo>
						<VersionInfo Name="IncludeVerInfo">True</VersionInfo>
						<VersionInfo Name="AutoIncBuild">False</VersionInfo>
						<VersionInfo Name="MajorVer">1</VersionInfo>
						<VersionInfo Name="MinorVer">0</VersionInfo>
						<VersionInfo Name="Release">0</VersionInfo>
						<VersionInfo Name="Build">0</VersionInfo>
						<VersionInfo Name="Debug">False</VersionInfo>
						<VersionInfo Name="PreRelease">False</VersionInfo>
						<VersionInfo Name="Special">False</VersionInfo>
						<VersionInfo Name="Private">False</VersionInfo>
						<VersionInfo Name="DLL">False</VersionInfo>
						<VersionInfo Name="Locale">3082</VersionInfo>
						<VersionInfo Name="CodePage">1252</VersionInfo>
					</VersionInfo>
					<VersionInfoKeys>
						<VersionInfoKeys Name="CompanyName"/>
						<VersionInfoKeys Name="FileDescription"/>
						<VersionInfoKeys Name="FileVersion">1.0.0.0</VersionInfoKeys>
						<VersionInfoKeys Name="InternalName"/>
						<VersionInfoKeys Name="LegalCopyright"/>
						<VersionInfoKeys Name="LegalTrademarks"/>
						<VersionInfoKeys Name="OriginalFilename"/>
						<VersionInfoKeys Name="ProductName"/>
						<VersionInfoKeys Name="ProductVersion">1.0.0.0</VersionInfoKeys>
						<VersionInfoKeys Name="Comments"/>
					</VersionInfoKeys>
					<Excluded_Packages>
					</Excluded_Packages>
				</Delphi.Personality>
			</BorlandProject>
			<ProjectFileVersion>12</ProjectFileVersion>
		</ProjectExtensions>
	</Project>
